
Microsoft Visual Studio Solution File, Format Version 12.00
# Visual Studio Version 16
VisualStudioVersion = 16.0.29020.237
MinimumVisualStudioVersion = 10.0.40219.1
Project("{2150E333-8FDC-42A3-9474-1A3956D46DE8}") = "Solution Items", "Solution Items", "{FDDB5E9B-1DF2-4674-877A-49D643364E17}"
	ProjectSection(SolutionItems) = preProject
		LICENSE = LICENSE
		logo.png = logo.png
		README.md = README.md
	EndProjectSection
EndProject
Project("{9A19103F-16F7-4668-BE54-9A1E7A4F7556}") = "Linguist", "src\Linguist\Linguist.csproj", "{2A8E5425-5675-4A83-938A-77D60D6D8142}"
EndProject
Project("{9A19103F-16F7-4668-BE54-9A1E7A4F7556}") = "Linguist.Generator", "src\Linguist.Generator\Linguist.Generator.csproj", "{5FEADA46-A805-42F4-B29A-396DE43D911A}"
EndProject
Project("{FAE04EC0-301F-11D3-BF4B-00C04F79EFBC}") = "Linguist.VisualStudio", "src\Linguist.VisualStudio\Linguist.VisualStudio.csproj", "{F2C0DC76-8B6C-47DC-9AE4-8EB52CB88ACF}"
EndProject
Project("{9A19103F-16F7-4668-BE54-9A1E7A4F7556}") = "Linguist.Tests", "tests\Linguist.Tests\Linguist.Tests.csproj", "{FE3F9B85-733F-4E7C-A33D-CBD73EA79E3C}"
EndProject
Project("{9A19103F-16F7-4668-BE54-9A1E7A4F7556}") = "Linguist.Generator.Tests", "tests\Linguist.Generator.Tests\Linguist.Generator.Tests.csproj", "{D7DC6F3D-41CB-4290-830C-30D5C1FB063F}"
EndProject
Project("{9A19103F-16F7-4668-BE54-9A1E7A4F7556}") = "Linguist.WPF", "src\Linguist.WPF\Linguist.WPF.csproj", "{E8DE1891-4376-4957-B4A3-FD5B94304EAA}"
EndProject
Project("{9A19103F-16F7-4668-BE54-9A1E7A4F7556}") = "Linguist.WPF.Demo", "samples\Linguist.WPF.Demo\Linguist.WPF.Demo.csproj", "{37089D19-D5AF-4E10-B0D0-35BA32B26048}"
EndProject
Project("{9A19103F-16F7-4668-BE54-9A1E7A4F7556}") = "Linguist.CLDR", "src\Linguist.CLDR\Linguist.CLDR.csproj", "{BEA3EADE-E57A-4E1D-9EA7-85063E8C18F0}"
EndProject
Project("{9A19103F-16F7-4668-BE54-9A1E7A4F7556}") = "Linguist.CLDR.Tests", "tests\Linguist.CLDR.Tests\Linguist.CLDR.Tests.csproj", "{F0439F9A-4C8C-498A-A0B3-9691A6F10C39}"
EndProject
Project("{9A19103F-16F7-4668-BE54-9A1E7A4F7556}") = "Linguist.Xamarin.Forms", "src\Linguist.Xamarin.Forms\Linguist.Xamarin.Forms.csproj", "{E4BB16F0-1121-44AA-966C-729FE2A75BBE}"
EndProject
Project("{FAE04EC0-301F-11D3-BF4B-00C04F79EFBC}") = "Linguist.Xamarin.Forms.Demo.UWP", "samples\Linguist.Xamarin.Forms.Demo\Linguist.Xamarin.Forms.Demo.UWP\Linguist.Xamarin.Forms.Demo.UWP.csproj", "{1CF58859-C12C-49F1-9F8D-F1D499BD3AE0}"
EndProject
Project("{FAE04EC0-301F-11D3-BF4B-00C04F79EFBC}") = "Linguist.Xamarin.Forms.Demo.Android", "samples\Linguist.Xamarin.Forms.Demo\Linguist.Xamarin.Forms.Demo.Android\Linguist.Xamarin.Forms.Demo.Android.csproj", "{65D13FBD-0C96-4338-A316-C4CD5C4BA3A9}"
EndProject
Project("{FAE04EC0-301F-11D3-BF4B-00C04F79EFBC}") = "Linguist.Xamarin.Forms.Demo.iOS", "samples\Linguist.Xamarin.Forms.Demo\Linguist.Xamarin.Forms.Demo.iOS\Linguist.Xamarin.Forms.Demo.iOS.csproj", "{02941BA4-627E-452D-8C09-32645CBA1CC3}"
EndProject
Project("{9A19103F-16F7-4668-BE54-9A1E7A4F7556}") = "Linguist.Xamarin.Forms.Demo", "samples\Linguist.Xamarin.Forms.Demo\Linguist.Xamarin.Forms.Demo\Linguist.Xamarin.Forms.Demo.csproj", "{8F327558-1D50-45BF-B3A9-E81D098237F7}"
EndProject
Global
	GlobalSection(SolutionConfigurationPlatforms) = preSolution
		Debug|Any CPU = Debug|Any CPU
		Debug|ARM = Debug|ARM
		Debug|iPhone = Debug|iPhone
		Debug|iPhoneSimulator = Debug|iPhoneSimulator
		Debug|x64 = Debug|x64
		Debug|x86 = Debug|x86
		Release|Any CPU = Release|Any CPU
		Release|ARM = Release|ARM
		Release|iPhone = Release|iPhone
		Release|iPhoneSimulator = Release|iPhoneSimulator
		Release|x64 = Release|x64
		Release|x86 = Release|x86
	EndGlobalSection
	GlobalSection(ProjectConfigurationPlatforms) = postSolution
		{2A8E5425-5675-4A83-938A-77D60D6D8142}.Debug|Any CPU.ActiveCfg = Debug|Any CPU
		{2A8E5425-5675-4A83-938A-77D60D6D8142}.Debug|Any CPU.Build.0 = Debug|Any CPU
		{2A8E5425-5675-4A83-938A-77D60D6D8142}.Debug|ARM.ActiveCfg = Debug|Any CPU
		{2A8E5425-5675-4A83-938A-77D60D6D8142}.Debug|ARM.Build.0 = Debug|Any CPU
		{2A8E5425-5675-4A83-938A-77D60D6D8142}.Debug|iPhone.ActiveCfg = Debug|Any CPU
		{2A8E5425-5675-4A83-938A-77D60D6D8142}.Debug|iPhone.Build.0 = Debug|Any CPU
		{2A8E5425-5675-4A83-938A-77D60D6D8142}.Debug|iPhoneSimulator.ActiveCfg = Debug|Any CPU
		{2A8E5425-5675-4A83-938A-77D60D6D8142}.Debug|iPhoneSimulator.Build.0 = Debug|Any CPU
		{2A8E5425-5675-4A83-938A-77D60D6D8142}.Debug|x64.ActiveCfg = Debug|Any CPU
		{2A8E5425-5675-4A83-938A-77D60D6D8142}.Debug|x64.Build.0 = Debug|Any CPU
		{2A8E5425-5675-4A83-938A-77D60D6D8142}.Debug|x86.ActiveCfg = Debug|Any CPU
		{2A8E5425-5675-4A83-938A-77D60D6D8142}.Debug|x86.Build.0 = Debug|Any CPU
		{2A8E5425-5675-4A83-938A-77D60D6D8142}.Release|Any CPU.ActiveCfg = Release|Any CPU
		{2A8E5425-5675-4A83-938A-77D60D6D8142}.Release|Any CPU.Build.0 = Release|Any CPU
		{2A8E5425-5675-4A83-938A-77D60D6D8142}.Release|ARM.ActiveCfg = Release|Any CPU
		{2A8E5425-5675-4A83-938A-77D60D6D8142}.Release|ARM.Build.0 = Release|Any CPU
		{2A8E5425-5675-4A83-938A-77D60D6D8142}.Release|iPhone.ActiveCfg = Release|Any CPU
		{2A8E5425-5675-4A83-938A-77D60D6D8142}.Release|iPhone.Build.0 = Release|Any CPU
		{2A8E5425-5675-4A83-938A-77D60D6D8142}.Release|iPhoneSimulator.ActiveCfg = Release|Any CPU
		{2A8E5425-5675-4A83-938A-77D60D6D8142}.Release|iPhoneSimulator.Build.0 = Release|Any CPU
		{2A8E5425-5675-4A83-938A-77D60D6D8142}.Release|x64.ActiveCfg = Release|Any CPU
		{2A8E5425-5675-4A83-938A-77D60D6D8142}.Release|x64.Build.0 = Release|Any CPU
		{2A8E5425-5675-4A83-938A-77D60D6D8142}.Release|x86.ActiveCfg = Release|Any CPU
		{2A8E5425-5675-4A83-938A-77D60D6D8142}.Release|x86.Build.0 = Release|Any CPU
		{5FEADA46-A805-42F4-B29A-396DE43D911A}.Debug|Any CPU.ActiveCfg = Debug|Any CPU
		{5FEADA46-A805-42F4-B29A-396DE43D911A}.Debug|Any CPU.Build.0 = Debug|Any CPU
		{5FEADA46-A805-42F4-B29A-396DE43D911A}.Debug|ARM.ActiveCfg = Debug|Any CPU
		{5FEADA46-A805-42F4-B29A-396DE43D911A}.Debug|ARM.Build.0 = Debug|Any CPU
		{5FEADA46-A805-42F4-B29A-396DE43D911A}.Debug|iPhone.ActiveCfg = Debug|Any CPU
		{5FEADA46-A805-42F4-B29A-396DE43D911A}.Debug|iPhone.Build.0 = Debug|Any CPU
		{5FEADA46-A805-42F4-B29A-396DE43D911A}.Debug|iPhoneSimulator.ActiveCfg = Debug|Any CPU
		{5FEADA46-A805-42F4-B29A-396DE43D911A}.Debug|iPhoneSimulator.Build.0 = Debug|Any CPU
		{5FEADA46-A805-42F4-B29A-396DE43D911A}.Debug|x64.ActiveCfg = Debug|Any CPU
		{5FEADA46-A805-42F4-B29A-396DE43D911A}.Debug|x64.Build.0 = Debug|Any CPU
		{5FEADA46-A805-42F4-B29A-396DE43D911A}.Debug|x86.ActiveCfg = Debug|Any CPU
		{5FEADA46-A805-42F4-B29A-396DE43D911A}.Debug|x86.Build.0 = Debug|Any CPU
		{5FEADA46-A805-42F4-B29A-396DE43D911A}.Release|Any CPU.ActiveCfg = Release|Any CPU
		{5FEADA46-A805-42F4-B29A-396DE43D911A}.Release|Any CPU.Build.0 = Release|Any CPU
		{5FEADA46-A805-42F4-B29A-396DE43D911A}.Release|ARM.ActiveCfg = Release|Any CPU
		{5FEADA46-A805-42F4-B29A-396DE43D911A}.Release|ARM.Build.0 = Release|Any CPU
		{5FEADA46-A805-42F4-B29A-396DE43D911A}.Release|iPhone.ActiveCfg = Release|Any CPU
		{5FEADA46-A805-42F4-B29A-396DE43D911A}.Release|iPhone.Build.0 = Release|Any CPU
		{5FEADA46-A805-42F4-B29A-396DE43D911A}.Release|iPhoneSimulator.ActiveCfg = Release|Any CPU
		{5FEADA46-A805-42F4-B29A-396DE43D911A}.Release|iPhoneSimulator.Build.0 = Release|Any CPU
		{5FEADA46-A805-42F4-B29A-396DE43D911A}.Release|x64.ActiveCfg = Release|Any CPU
		{5FEADA46-A805-42F4-B29A-396DE43D911A}.Release|x64.Build.0 = Release|Any CPU
		{5FEADA46-A805-42F4-B29A-396DE43D911A}.Release|x86.ActiveCfg = Release|Any CPU
		{5FEADA46-A805-42F4-B29A-396DE43D911A}.Release|x86.Build.0 = Release|Any CPU
		{F2C0DC76-8B6C-47DC-9AE4-8EB52CB88ACF}.Debug|Any CPU.ActiveCfg = Debug|Any CPU
		{F2C0DC76-8B6C-47DC-9AE4-8EB52CB88ACF}.Debug|Any CPU.Build.0 = Debug|Any CPU
		{F2C0DC76-8B6C-47DC-9AE4-8EB52CB88ACF}.Debug|ARM.ActiveCfg = Debug|Any CPU
		{F2C0DC76-8B6C-47DC-9AE4-8EB52CB88ACF}.Debug|ARM.Build.0 = Debug|Any CPU
		{F2C0DC76-8B6C-47DC-9AE4-8EB52CB88ACF}.Debug|iPhone.ActiveCfg = Debug|Any CPU
		{F2C0DC76-8B6C-47DC-9AE4-8EB52CB88ACF}.Debug|iPhone.Build.0 = Debug|Any CPU
		{F2C0DC76-8B6C-47DC-9AE4-8EB52CB88ACF}.Debug|iPhoneSimulator.ActiveCfg = Debug|Any CPU
		{F2C0DC76-8B6C-47DC-9AE4-8EB52CB88ACF}.Debug|iPhoneSimulator.Build.0 = Debug|Any CPU
		{F2C0DC76-8B6C-47DC-9AE4-8EB52CB88ACF}.Debug|x64.ActiveCfg = Debug|Any CPU
		{F2C0DC76-8B6C-47DC-9AE4-8EB52CB88ACF}.Debug|x64.Build.0 = Debug|Any CPU
		{F2C0DC76-8B6C-47DC-9AE4-8EB52CB88ACF}.Debug|x86.ActiveCfg = Debug|Any CPU
		{F2C0DC76-8B6C-47DC-9AE4-8EB52CB88ACF}.Debug|x86.Build.0 = Debug|Any CPU
		{F2C0DC76-8B6C-47DC-9AE4-8EB52CB88ACF}.Release|Any CPU.ActiveCfg = Release|Any CPU
		{F2C0DC76-8B6C-47DC-9AE4-8EB52CB88ACF}.Release|Any CPU.Build.0 = Release|Any CPU
		{F2C0DC76-8B6C-47DC-9AE4-8EB52CB88ACF}.Release|ARM.ActiveCfg = Release|Any CPU
		{F2C0DC76-8B6C-47DC-9AE4-8EB52CB88ACF}.Release|ARM.Build.0 = Release|Any CPU
		{F2C0DC76-8B6C-47DC-9AE4-8EB52CB88ACF}.Release|iPhone.ActiveCfg = Release|Any CPU
		{F2C0DC76-8B6C-47DC-9AE4-8EB52CB88ACF}.Release|iPhone.Build.0 = Release|Any CPU
		{F2C0DC76-8B6C-47DC-9AE4-8EB52CB88ACF}.Release|iPhoneSimulator.ActiveCfg = Release|Any CPU
		{F2C0DC76-8B6C-47DC-9AE4-8EB52CB88ACF}.Release|iPhoneSimulator.Build.0 = Release|Any CPU
		{F2C0DC76-8B6C-47DC-9AE4-8EB52CB88ACF}.Release|x64.ActiveCfg = Release|Any CPU
		{F2C0DC76-8B6C-47DC-9AE4-8EB52CB88ACF}.Release|x64.Build.0 = Release|Any CPU
		{F2C0DC76-8B6C-47DC-9AE4-8EB52CB88ACF}.Release|x86.ActiveCfg = Release|Any CPU
		{F2C0DC76-8B6C-47DC-9AE4-8EB52CB88ACF}.Release|x86.Build.0 = Release|Any CPU
		{FE3F9B85-733F-4E7C-A33D-CBD73EA79E3C}.Debug|Any CPU.ActiveCfg = Debug|Any CPU
		{FE3F9B85-733F-4E7C-A33D-CBD73EA79E3C}.Debug|Any CPU.Build.0 = Debug|Any CPU
		{FE3F9B85-733F-4E7C-A33D-CBD73EA79E3C}.Debug|ARM.ActiveCfg = Debug|Any CPU
		{FE3F9B85-733F-4E7C-A33D-CBD73EA79E3C}.Debug|ARM.Build.0 = Debug|Any CPU
		{FE3F9B85-733F-4E7C-A33D-CBD73EA79E3C}.Debug|iPhone.ActiveCfg = Debug|Any CPU
		{FE3F9B85-733F-4E7C-A33D-CBD73EA79E3C}.Debug|iPhone.Build.0 = Debug|Any CPU
		{FE3F9B85-733F-4E7C-A33D-CBD73EA79E3C}.Debug|iPhoneSimulator.ActiveCfg = Debug|Any CPU
		{FE3F9B85-733F-4E7C-A33D-CBD73EA79E3C}.Debug|iPhoneSimulator.Build.0 = Debug|Any CPU
		{FE3F9B85-733F-4E7C-A33D-CBD73EA79E3C}.Debug|x64.ActiveCfg = Debug|Any CPU
		{FE3F9B85-733F-4E7C-A33D-CBD73EA79E3C}.Debug|x64.Build.0 = Debug|Any CPU
		{FE3F9B85-733F-4E7C-A33D-CBD73EA79E3C}.Debug|x86.ActiveCfg = Debug|Any CPU
		{FE3F9B85-733F-4E7C-A33D-CBD73EA79E3C}.Debug|x86.Build.0 = Debug|Any CPU
		{FE3F9B85-733F-4E7C-A33D-CBD73EA79E3C}.Release|Any CPU.ActiveCfg = Release|Any CPU
		{FE3F9B85-733F-4E7C-A33D-CBD73EA79E3C}.Release|Any CPU.Build.0 = Release|Any CPU
		{FE3F9B85-733F-4E7C-A33D-CBD73EA79E3C}.Release|ARM.ActiveCfg = Release|Any CPU
		{FE3F9B85-733F-4E7C-A33D-CBD73EA79E3C}.Release|ARM.Build.0 = Release|Any CPU
		{FE3F9B85-733F-4E7C-A33D-CBD73EA79E3C}.Release|iPhone.ActiveCfg = Release|Any CPU
		{FE3F9B85-733F-4E7C-A33D-CBD73EA79E3C}.Release|iPhone.Build.0 = Release|Any CPU
		{FE3F9B85-733F-4E7C-A33D-CBD73EA79E3C}.Release|iPhoneSimulator.ActiveCfg = Release|Any CPU
		{FE3F9B85-733F-4E7C-A33D-CBD73EA79E3C}.Release|iPhoneSimulator.Build.0 = Release|Any CPU
		{FE3F9B85-733F-4E7C-A33D-CBD73EA79E3C}.Release|x64.ActiveCfg = Release|Any CPU
		{FE3F9B85-733F-4E7C-A33D-CBD73EA79E3C}.Release|x64.Build.0 = Release|Any CPU
		{FE3F9B85-733F-4E7C-A33D-CBD73EA79E3C}.Release|x86.ActiveCfg = Release|Any CPU
		{FE3F9B85-733F-4E7C-A33D-CBD73EA79E3C}.Release|x86.Build.0 = Release|Any CPU
		{D7DC6F3D-41CB-4290-830C-30D5C1FB063F}.Debug|Any CPU.ActiveCfg = Debug|Any CPU
		{D7DC6F3D-41CB-4290-830C-30D5C1FB063F}.Debug|Any CPU.Build.0 = Debug|Any CPU
		{D7DC6F3D-41CB-4290-830C-30D5C1FB063F}.Debug|ARM.ActiveCfg = Debug|Any CPU
		{D7DC6F3D-41CB-4290-830C-30D5C1FB063F}.Debug|ARM.Build.0 = Debug|Any CPU
		{D7DC6F3D-41CB-4290-830C-30D5C1FB063F}.Debug|iPhone.ActiveCfg = Debug|Any CPU
		{D7DC6F3D-41CB-4290-830C-30D5C1FB063F}.Debug|iPhone.Build.0 = Debug|Any CPU
		{D7DC6F3D-41CB-4290-830C-30D5C1FB063F}.Debug|iPhoneSimulator.ActiveCfg = Debug|Any CPU
		{D7DC6F3D-41CB-4290-830C-30D5C1FB063F}.Debug|iPhoneSimulator.Build.0 = Debug|Any CPU
		{D7DC6F3D-41CB-4290-830C-30D5C1FB063F}.Debug|x64.ActiveCfg = Debug|Any CPU
		{D7DC6F3D-41CB-4290-830C-30D5C1FB063F}.Debug|x64.Build.0 = Debug|Any CPU
		{D7DC6F3D-41CB-4290-830C-30D5C1FB063F}.Debug|x86.ActiveCfg = Debug|Any CPU
		{D7DC6F3D-41CB-4290-830C-30D5C1FB063F}.Debug|x86.Build.0 = Debug|Any CPU
		{D7DC6F3D-41CB-4290-830C-30D5C1FB063F}.Release|Any CPU.ActiveCfg = Release|Any CPU
		{D7DC6F3D-41CB-4290-830C-30D5C1FB063F}.Release|Any CPU.Build.0 = Release|Any CPU
		{D7DC6F3D-41CB-4290-830C-30D5C1FB063F}.Release|ARM.ActiveCfg = Release|Any CPU
		{D7DC6F3D-41CB-4290-830C-30D5C1FB063F}.Release|ARM.Build.0 = Release|Any CPU
		{D7DC6F3D-41CB-4290-830C-30D5C1FB063F}.Release|iPhone.ActiveCfg = Release|Any CPU
		{D7DC6F3D-41CB-4290-830C-30D5C1FB063F}.Release|iPhone.Build.0 = Release|Any CPU
		{D7DC6F3D-41CB-4290-830C-30D5C1FB063F}.Release|iPhoneSimulator.ActiveCfg = Release|Any CPU
		{D7DC6F3D-41CB-4290-830C-30D5C1FB063F}.Release|iPhoneSimulator.Build.0 = Release|Any CPU
		{D7DC6F3D-41CB-4290-830C-30D5C1FB063F}.Release|x64.ActiveCfg = Release|Any CPU
		{D7DC6F3D-41CB-4290-830C-30D5C1FB063F}.Release|x64.Build.0 = Release|Any CPU
		{D7DC6F3D-41CB-4290-830C-30D5C1FB063F}.Release|x86.ActiveCfg = Release|Any CPU
		{D7DC6F3D-41CB-4290-830C-30D5C1FB063F}.Release|x86.Build.0 = Release|Any CPU
		{E8DE1891-4376-4957-B4A3-FD5B94304EAA}.Debug|Any CPU.ActiveCfg = Debug|Any CPU
		{E8DE1891-4376-4957-B4A3-FD5B94304EAA}.Debug|Any CPU.Build.0 = Debug|Any CPU
		{E8DE1891-4376-4957-B4A3-FD5B94304EAA}.Debug|ARM.ActiveCfg = Debug|Any CPU
		{E8DE1891-4376-4957-B4A3-FD5B94304EAA}.Debug|ARM.Build.0 = Debug|Any CPU
		{E8DE1891-4376-4957-B4A3-FD5B94304EAA}.Debug|iPhone.ActiveCfg = Debug|Any CPU
		{E8DE1891-4376-4957-B4A3-FD5B94304EAA}.Debug|iPhone.Build.0 = Debug|Any CPU
		{E8DE1891-4376-4957-B4A3-FD5B94304EAA}.Debug|iPhoneSimulator.ActiveCfg = Debug|Any CPU
		{E8DE1891-4376-4957-B4A3-FD5B94304EAA}.Debug|iPhoneSimulator.Build.0 = Debug|Any CPU
		{E8DE1891-4376-4957-B4A3-FD5B94304EAA}.Debug|x64.ActiveCfg = Debug|Any CPU
		{E8DE1891-4376-4957-B4A3-FD5B94304EAA}.Debug|x64.Build.0 = Debug|Any CPU
		{E8DE1891-4376-4957-B4A3-FD5B94304EAA}.Debug|x86.ActiveCfg = Debug|Any CPU
		{E8DE1891-4376-4957-B4A3-FD5B94304EAA}.Debug|x86.Build.0 = Debug|Any CPU
		{E8DE1891-4376-4957-B4A3-FD5B94304EAA}.Release|Any CPU.ActiveCfg = Release|Any CPU
		{E8DE1891-4376-4957-B4A3-FD5B94304EAA}.Release|Any CPU.Build.0 = Release|Any CPU
		{E8DE1891-4376-4957-B4A3-FD5B94304EAA}.Release|ARM.ActiveCfg = Release|Any CPU
		{E8DE1891-4376-4957-B4A3-FD5B94304EAA}.Release|ARM.Build.0 = Release|Any CPU
		{E8DE1891-4376-4957-B4A3-FD5B94304EAA}.Release|iPhone.ActiveCfg = Release|Any CPU
		{E8DE1891-4376-4957-B4A3-FD5B94304EAA}.Release|iPhone.Build.0 = Release|Any CPU
		{E8DE1891-4376-4957-B4A3-FD5B94304EAA}.Release|iPhoneSimulator.ActiveCfg = Release|Any CPU
		{E8DE1891-4376-4957-B4A3-FD5B94304EAA}.Release|iPhoneSimulator.Build.0 = Release|Any CPU
		{E8DE1891-4376-4957-B4A3-FD5B94304EAA}.Release|x64.ActiveCfg = Release|Any CPU
		{E8DE1891-4376-4957-B4A3-FD5B94304EAA}.Release|x64.Build.0 = Release|Any CPU
		{E8DE1891-4376-4957-B4A3-FD5B94304EAA}.Release|x86.ActiveCfg = Release|Any CPU
		{E8DE1891-4376-4957-B4A3-FD5B94304EAA}.Release|x86.Build.0 = Release|Any CPU
		{37089D19-D5AF-4E10-B0D0-35BA32B26048}.Debug|Any CPU.ActiveCfg = Debug|Any CPU
		{37089D19-D5AF-4E10-B0D0-35BA32B26048}.Debug|Any CPU.Build.0 = Debug|Any CPU
		{37089D19-D5AF-4E10-B0D0-35BA32B26048}.Debug|ARM.ActiveCfg = Debug|Any CPU
		{37089D19-D5AF-4E10-B0D0-35BA32B26048}.Debug|ARM.Build.0 = Debug|Any CPU
		{37089D19-D5AF-4E10-B0D0-35BA32B26048}.Debug|iPhone.ActiveCfg = Debug|Any CPU
		{37089D19-D5AF-4E10-B0D0-35BA32B26048}.Debug|iPhone.Build.0 = Debug|Any CPU
		{37089D19-D5AF-4E10-B0D0-35BA32B26048}.Debug|iPhoneSimulator.ActiveCfg = Debug|Any CPU
		{37089D19-D5AF-4E10-B0D0-35BA32B26048}.Debug|iPhoneSimulator.Build.0 = Debug|Any CPU
		{37089D19-D5AF-4E10-B0D0-35BA32B26048}.Debug|x64.ActiveCfg = Debug|Any CPU
		{37089D19-D5AF-4E10-B0D0-35BA32B26048}.Debug|x64.Build.0 = Debug|Any CPU
		{37089D19-D5AF-4E10-B0D0-35BA32B26048}.Debug|x86.ActiveCfg = Debug|Any CPU
		{37089D19-D5AF-4E10-B0D0-35BA32B26048}.Debug|x86.Build.0 = Debug|Any CPU
		{37089D19-D5AF-4E10-B0D0-35BA32B26048}.Release|Any CPU.ActiveCfg = Release|Any CPU
		{37089D19-D5AF-4E10-B0D0-35BA32B26048}.Release|Any CPU.Build.0 = Release|Any CPU
		{37089D19-D5AF-4E10-B0D0-35BA32B26048}.Release|ARM.ActiveCfg = Release|Any CPU
		{37089D19-D5AF-4E10-B0D0-35BA32B26048}.Release|ARM.Build.0 = Release|Any CPU
		{37089D19-D5AF-4E10-B0D0-35BA32B26048}.Release|iPhone.ActiveCfg = Release|Any CPU
		{37089D19-D5AF-4E10-B0D0-35BA32B26048}.Release|iPhone.Build.0 = Release|Any CPU
		{37089D19-D5AF-4E10-B0D0-35BA32B26048}.Release|iPhoneSimulator.ActiveCfg = Release|Any CPU
		{37089D19-D5AF-4E10-B0D0-35BA32B26048}.Release|iPhoneSimulator.Build.0 = Release|Any CPU
		{37089D19-D5AF-4E10-B0D0-35BA32B26048}.Release|x64.ActiveCfg = Release|Any CPU
		{37089D19-D5AF-4E10-B0D0-35BA32B26048}.Release|x64.Build.0 = Release|Any CPU
		{37089D19-D5AF-4E10-B0D0-35BA32B26048}.Release|x86.ActiveCfg = Release|Any CPU
		{37089D19-D5AF-4E10-B0D0-35BA32B26048}.Release|x86.Build.0 = Release|Any CPU
		{BEA3EADE-E57A-4E1D-9EA7-85063E8C18F0}.Debug|Any CPU.ActiveCfg = Debug|Any CPU
		{BEA3EADE-E57A-4E1D-9EA7-85063E8C18F0}.Debug|Any CPU.Build.0 = Debug|Any CPU
		{BEA3EADE-E57A-4E1D-9EA7-85063E8C18F0}.Debug|ARM.ActiveCfg = Debug|Any CPU
		{BEA3EADE-E57A-4E1D-9EA7-85063E8C18F0}.Debug|ARM.Build.0 = Debug|Any CPU
		{BEA3EADE-E57A-4E1D-9EA7-85063E8C18F0}.Debug|iPhone.ActiveCfg = Debug|Any CPU
		{BEA3EADE-E57A-4E1D-9EA7-85063E8C18F0}.Debug|iPhone.Build.0 = Debug|Any CPU
		{BEA3EADE-E57A-4E1D-9EA7-85063E8C18F0}.Debug|iPhoneSimulator.ActiveCfg = Debug|Any CPU
		{BEA3EADE-E57A-4E1D-9EA7-85063E8C18F0}.Debug|iPhoneSimulator.Build.0 = Debug|Any CPU
		{BEA3EADE-E57A-4E1D-9EA7-85063E8C18F0}.Debug|x64.ActiveCfg = Debug|Any CPU
		{BEA3EADE-E57A-4E1D-9EA7-85063E8C18F0}.Debug|x64.Build.0 = Debug|Any CPU
		{BEA3EADE-E57A-4E1D-9EA7-85063E8C18F0}.Debug|x86.ActiveCfg = Debug|Any CPU
		{BEA3EADE-E57A-4E1D-9EA7-85063E8C18F0}.Debug|x86.Build.0 = Debug|Any CPU
		{BEA3EADE-E57A-4E1D-9EA7-85063E8C18F0}.Release|Any CPU.ActiveCfg = Release|Any CPU
		{BEA3EADE-E57A-4E1D-9EA7-85063E8C18F0}.Release|Any CPU.Build.0 = Release|Any CPU
		{BEA3EADE-E57A-4E1D-9EA7-85063E8C18F0}.Release|ARM.ActiveCfg = Release|Any CPU
		{BEA3EADE-E57A-4E1D-9EA7-85063E8C18F0}.Release|ARM.Build.0 = Release|Any CPU
		{BEA3EADE-E57A-4E1D-9EA7-85063E8C18F0}.Release|iPhone.ActiveCfg = Release|Any CPU
		{BEA3EADE-E57A-4E1D-9EA7-85063E8C18F0}.Release|iPhone.Build.0 = Release|Any CPU
		{BEA3EADE-E57A-4E1D-9EA7-85063E8C18F0}.Release|iPhoneSimulator.ActiveCfg = Release|Any CPU
		{BEA3EADE-E57A-4E1D-9EA7-85063E8C18F0}.Release|iPhoneSimulator.Build.0 = Release|Any CPU
		{BEA3EADE-E57A-4E1D-9EA7-85063E8C18F0}.Release|x64.ActiveCfg = Release|Any CPU
		{BEA3EADE-E57A-4E1D-9EA7-85063E8C18F0}.Release|x64.Build.0 = Release|Any CPU
		{BEA3EADE-E57A-4E1D-9EA7-85063E8C18F0}.Release|x86.ActiveCfg = Release|Any CPU
		{BEA3EADE-E57A-4E1D-9EA7-85063E8C18F0}.Release|x86.Build.0 = Release|Any CPU
		{F0439F9A-4C8C-498A-A0B3-9691A6F10C39}.Debug|Any CPU.ActiveCfg = Debug|Any CPU
		{F0439F9A-4C8C-498A-A0B3-9691A6F10C39}.Debug|Any CPU.Build.0 = Debug|Any CPU
		{F0439F9A-4C8C-498A-A0B3-9691A6F10C39}.Debug|ARM.ActiveCfg = Debug|Any CPU
		{F0439F9A-4C8C-498A-A0B3-9691A6F10C39}.Debug|ARM.Build.0 = Debug|Any CPU
		{F0439F9A-4C8C-498A-A0B3-9691A6F10C39}.Debug|iPhone.ActiveCfg = Debug|Any CPU
		{F0439F9A-4C8C-498A-A0B3-9691A6F10C39}.Debug|iPhone.Build.0 = Debug|Any CPU
		{F0439F9A-4C8C-498A-A0B3-9691A6F10C39}.Debug|iPhoneSimulator.ActiveCfg = Debug|Any CPU
		{F0439F9A-4C8C-498A-A0B3-9691A6F10C39}.Debug|iPhoneSimulator.Build.0 = Debug|Any CPU
		{F0439F9A-4C8C-498A-A0B3-9691A6F10C39}.Debug|x64.ActiveCfg = Debug|Any CPU
		{F0439F9A-4C8C-498A-A0B3-9691A6F10C39}.Debug|x64.Build.0 = Debug|Any CPU
		{F0439F9A-4C8C-498A-A0B3-9691A6F10C39}.Debug|x86.ActiveCfg = Debug|Any CPU
		{F0439F9A-4C8C-498A-A0B3-9691A6F10C39}.Debug|x86.Build.0 = Debug|Any CPU
		{F0439F9A-4C8C-498A-A0B3-9691A6F10C39}.Release|Any CPU.ActiveCfg = Release|Any CPU
		{F0439F9A-4C8C-498A-A0B3-9691A6F10C39}.Release|Any CPU.Build.0 = Release|Any CPU
		{F0439F9A-4C8C-498A-A0B3-9691A6F10C39}.Release|ARM.ActiveCfg = Release|Any CPU
		{F0439F9A-4C8C-498A-A0B3-9691A6F10C39}.Release|ARM.Build.0 = Release|Any CPU
		{F0439F9A-4C8C-498A-A0B3-9691A6F10C39}.Release|iPhone.ActiveCfg = Release|Any CPU
		{F0439F9A-4C8C-498A-A0B3-9691A6F10C39}.Release|iPhone.Build.0 = Release|Any CPU
		{F0439F9A-4C8C-498A-A0B3-9691A6F10C39}.Release|iPhoneSimulator.ActiveCfg = Release|Any CPU
		{F0439F9A-4C8C-498A-A0B3-9691A6F10C39}.Release|iPhoneSimulator.Build.0 = Release|Any CPU
		{F0439F9A-4C8C-498A-A0B3-9691A6F10C39}.Release|x64.ActiveCfg = Release|Any CPU
		{F0439F9A-4C8C-498A-A0B3-9691A6F10C39}.Release|x64.Build.0 = Release|Any CPU
		{F0439F9A-4C8C-498A-A0B3-9691A6F10C39}.Release|x86.ActiveCfg = Release|Any CPU
		{F0439F9A-4C8C-498A-A0B3-9691A6F10C39}.Release|x86.Build.0 = Release|Any CPU
		{E4BB16F0-1121-44AA-966C-729FE2A75BBE}.Debug|Any CPU.ActiveCfg = Debug|Any CPU
		{E4BB16F0-1121-44AA-966C-729FE2A75BBE}.Debug|Any CPU.Build.0 = Debug|Any CPU
		{E4BB16F0-1121-44AA-966C-729FE2A75BBE}.Debug|ARM.ActiveCfg = Debug|Any CPU
		{E4BB16F0-1121-44AA-966C-729FE2A75BBE}.Debug|ARM.Build.0 = Debug|Any CPU
		{E4BB16F0-1121-44AA-966C-729FE2A75BBE}.Debug|iPhone.ActiveCfg = Debug|Any CPU
		{E4BB16F0-1121-44AA-966C-729FE2A75BBE}.Debug|iPhone.Build.0 = Debug|Any CPU
		{E4BB16F0-1121-44AA-966C-729FE2A75BBE}.Debug|iPhoneSimulator.ActiveCfg = Debug|Any CPU
		{E4BB16F0-1121-44AA-966C-729FE2A75BBE}.Debug|iPhoneSimulator.Build.0 = Debug|Any CPU
		{E4BB16F0-1121-44AA-966C-729FE2A75BBE}.Debug|x64.ActiveCfg = Debug|Any CPU
		{E4BB16F0-1121-44AA-966C-729FE2A75BBE}.Debug|x64.Build.0 = Debug|Any CPU
		{E4BB16F0-1121-44AA-966C-729FE2A75BBE}.Debug|x86.ActiveCfg = Debug|Any CPU
		{E4BB16F0-1121-44AA-966C-729FE2A75BBE}.Debug|x86.Build.0 = Debug|Any CPU
		{E4BB16F0-1121-44AA-966C-729FE2A75BBE}.Release|Any CPU.ActiveCfg = Release|Any CPU
		{E4BB16F0-1121-44AA-966C-729FE2A75BBE}.Release|Any CPU.Build.0 = Release|Any CPU
		{E4BB16F0-1121-44AA-966C-729FE2A75BBE}.Release|ARM.ActiveCfg = Release|Any CPU
		{E4BB16F0-1121-44AA-966C-729FE2A75BBE}.Release|ARM.Build.0 = Release|Any CPU
		{E4BB16F0-1121-44AA-966C-729FE2A75BBE}.Release|iPhone.ActiveCfg = Release|Any CPU
		{E4BB16F0-1121-44AA-966C-729FE2A75BBE}.Release|iPhone.Build.0 = Release|Any CPU
		{E4BB16F0-1121-44AA-966C-729FE2A75BBE}.Release|iPhoneSimulator.ActiveCfg = Release|Any CPU
		{E4BB16F0-1121-44AA-966C-729FE2A75BBE}.Release|iPhoneSimulator.Build.0 = Release|Any CPU
		{E4BB16F0-1121-44AA-966C-729FE2A75BBE}.Release|x64.ActiveCfg = Release|Any CPU
		{E4BB16F0-1121-44AA-966C-729FE2A75BBE}.Release|x64.Build.0 = Release|Any CPU
		{E4BB16F0-1121-44AA-966C-729FE2A75BBE}.Release|x86.ActiveCfg = Release|Any CPU
		{E4BB16F0-1121-44AA-966C-729FE2A75BBE}.Release|x86.Build.0 = Release|Any CPU
		{1CF58859-C12C-49F1-9F8D-F1D499BD3AE0}.Debug|Any CPU.ActiveCfg = Debug|x86
		{1CF58859-C12C-49F1-9F8D-F1D499BD3AE0}.Debug|ARM.ActiveCfg = Debug|ARM
		{1CF58859-C12C-49F1-9F8D-F1D499BD3AE0}.Debug|ARM.Build.0 = Debug|ARM
		{1CF58859-C12C-49F1-9F8D-F1D499BD3AE0}.Debug|ARM.Deploy.0 = Debug|ARM
		{1CF58859-C12C-49F1-9F8D-F1D499BD3AE0}.Debug|iPhone.ActiveCfg = Debug|x86
		{1CF58859-C12C-49F1-9F8D-F1D499BD3AE0}.Debug|iPhoneSimulator.ActiveCfg = Debug|x86
		{1CF58859-C12C-49F1-9F8D-F1D499BD3AE0}.Debug|x64.ActiveCfg = Debug|x64
		{1CF58859-C12C-49F1-9F8D-F1D499BD3AE0}.Debug|x64.Build.0 = Debug|x64
		{1CF58859-C12C-49F1-9F8D-F1D499BD3AE0}.Debug|x64.Deploy.0 = Debug|x64
		{1CF58859-C12C-49F1-9F8D-F1D499BD3AE0}.Debug|x86.ActiveCfg = Debug|x86
		{1CF58859-C12C-49F1-9F8D-F1D499BD3AE0}.Debug|x86.Build.0 = Debug|x86
		{1CF58859-C12C-49F1-9F8D-F1D499BD3AE0}.Debug|x86.Deploy.0 = Debug|x86
		{1CF58859-C12C-49F1-9F8D-F1D499BD3AE0}.Release|Any CPU.ActiveCfg = Release|x86
		{1CF58859-C12C-49F1-9F8D-F1D499BD3AE0}.Release|ARM.ActiveCfg = Release|ARM
		{1CF58859-C12C-49F1-9F8D-F1D499BD3AE0}.Release|ARM.Build.0 = Release|ARM
		{1CF58859-C12C-49F1-9F8D-F1D499BD3AE0}.Release|ARM.Deploy.0 = Release|ARM
		{1CF58859-C12C-49F1-9F8D-F1D499BD3AE0}.Release|iPhone.ActiveCfg = Release|x86
		{1CF58859-C12C-49F1-9F8D-F1D499BD3AE0}.Release|iPhoneSimulator.ActiveCfg = Release|x86
		{1CF58859-C12C-49F1-9F8D-F1D499BD3AE0}.Release|x64.ActiveCfg = Release|x64
		{1CF58859-C12C-49F1-9F8D-F1D499BD3AE0}.Release|x64.Build.0 = Release|x64
		{1CF58859-C12C-49F1-9F8D-F1D499BD3AE0}.Release|x64.Deploy.0 = Release|x64
		{1CF58859-C12C-49F1-9F8D-F1D499BD3AE0}.Release|x86.ActiveCfg = Release|x86
		{1CF58859-C12C-49F1-9F8D-F1D499BD3AE0}.Release|x86.Build.0 = Release|x86
		{1CF58859-C12C-49F1-9F8D-F1D499BD3AE0}.Release|x86.Deploy.0 = Release|x86
		{65D13FBD-0C96-4338-A316-C4CD5C4BA3A9}.Debug|Any CPU.ActiveCfg = Debug|Any CPU
		{65D13FBD-0C96-4338-A316-C4CD5C4BA3A9}.Debug|Any CPU.Build.0 = Debug|Any CPU
		{65D13FBD-0C96-4338-A316-C4CD5C4BA3A9}.Debug|Any CPU.Deploy.0 = Debug|Any CPU
		{65D13FBD-0C96-4338-A316-C4CD5C4BA3A9}.Debug|ARM.ActiveCfg = Debug|Any CPU
		{65D13FBD-0C96-4338-A316-C4CD5C4BA3A9}.Debug|ARM.Build.0 = Debug|Any CPU
		{65D13FBD-0C96-4338-A316-C4CD5C4BA3A9}.Debug|ARM.Deploy.0 = Debug|Any CPU
		{65D13FBD-0C96-4338-A316-C4CD5C4BA3A9}.Debug|iPhone.ActiveCfg = Debug|Any CPU
		{65D13FBD-0C96-4338-A316-C4CD5C4BA3A9}.Debug|iPhone.Build.0 = Debug|Any CPU
		{65D13FBD-0C96-4338-A316-C4CD5C4BA3A9}.Debug|iPhone.Deploy.0 = Debug|Any CPU
		{65D13FBD-0C96-4338-A316-C4CD5C4BA3A9}.Debug|iPhoneSimulator.ActiveCfg = Debug|Any CPU
		{65D13FBD-0C96-4338-A316-C4CD5C4BA3A9}.Debug|iPhoneSimulator.Build.0 = Debug|Any CPU
		{65D13FBD-0C96-4338-A316-C4CD5C4BA3A9}.Debug|iPhoneSimulator.Deploy.0 = Debug|Any CPU
		{65D13FBD-0C96-4338-A316-C4CD5C4BA3A9}.Debug|x64.ActiveCfg = Debug|Any CPU
		{65D13FBD-0C96-4338-A316-C4CD5C4BA3A9}.Debug|x64.Build.0 = Debug|Any CPU
		{65D13FBD-0C96-4338-A316-C4CD5C4BA3A9}.Debug|x64.Deploy.0 = Debug|Any CPU
		{65D13FBD-0C96-4338-A316-C4CD5C4BA3A9}.Debug|x86.ActiveCfg = Debug|Any CPU
		{65D13FBD-0C96-4338-A316-C4CD5C4BA3A9}.Debug|x86.Build.0 = Debug|Any CPU
		{65D13FBD-0C96-4338-A316-C4CD5C4BA3A9}.Debug|x86.Deploy.0 = Debug|Any CPU
		{65D13FBD-0C96-4338-A316-C4CD5C4BA3A9}.Release|Any CPU.ActiveCfg = Release|Any CPU
		{65D13FBD-0C96-4338-A316-C4CD5C4BA3A9}.Release|Any CPU.Build.0 = Release|Any CPU
		{65D13FBD-0C96-4338-A316-C4CD5C4BA3A9}.Release|Any CPU.Deploy.0 = Release|Any CPU
		{65D13FBD-0C96-4338-A316-C4CD5C4BA3A9}.Release|ARM.ActiveCfg = Release|Any CPU
		{65D13FBD-0C96-4338-A316-C4CD5C4BA3A9}.Release|ARM.Build.0 = Release|Any CPU
		{65D13FBD-0C96-4338-A316-C4CD5C4BA3A9}.Release|ARM.Deploy.0 = Release|Any CPU
		{65D13FBD-0C96-4338-A316-C4CD5C4BA3A9}.Release|iPhone.ActiveCfg = Release|Any CPU
		{65D13FBD-0C96-4338-A316-C4CD5C4BA3A9}.Release|iPhone.Build.0 = Release|Any CPU
		{65D13FBD-0C96-4338-A316-C4CD5C4BA3A9}.Release|iPhone.Deploy.0 = Release|Any CPU
		{65D13FBD-0C96-4338-A316-C4CD5C4BA3A9}.Release|iPhoneSimulator.ActiveCfg = Release|Any CPU
		{65D13FBD-0C96-4338-A316-C4CD5C4BA3A9}.Release|iPhoneSimulator.Build.0 = Release|Any CPU
		{65D13FBD-0C96-4338-A316-C4CD5C4BA3A9}.Release|iPhoneSimulator.Deploy.0 = Release|Any CPU
		{65D13FBD-0C96-4338-A316-C4CD5C4BA3A9}.Release|x64.ActiveCfg = Release|Any CPU
		{65D13FBD-0C96-4338-A316-C4CD5C4BA3A9}.Release|x64.Build.0 = Release|Any CPU
		{65D13FBD-0C96-4338-A316-C4CD5C4BA3A9}.Release|x64.Deploy.0 = Release|Any CPU
		{65D13FBD-0C96-4338-A316-C4CD5C4BA3A9}.Release|x86.ActiveCfg = Release|Any CPU
		{65D13FBD-0C96-4338-A316-C4CD5C4BA3A9}.Release|x86.Build.0 = Release|Any CPU
		{65D13FBD-0C96-4338-A316-C4CD5C4BA3A9}.Release|x86.Deploy.0 = Release|Any CPU
		{02941BA4-627E-452D-8C09-32645CBA1CC3}.Debug|Any CPU.ActiveCfg = Debug|iPhone
		{02941BA4-627E-452D-8C09-32645CBA1CC3}.Debug|ARM.ActiveCfg = Debug|iPhone
		{02941BA4-627E-452D-8C09-32645CBA1CC3}.Debug|iPhone.ActiveCfg = Debug|iPhoneSimulator
		{02941BA4-627E-452D-8C09-32645CBA1CC3}.Debug|iPhone.Build.0 = Debug|iPhoneSimulator
		{02941BA4-627E-452D-8C09-32645CBA1CC3}.Debug|iPhoneSimulator.ActiveCfg = Debug|iPhoneSimulator
		{02941BA4-627E-452D-8C09-32645CBA1CC3}.Debug|iPhoneSimulator.Build.0 = Debug|iPhoneSimulator
		{02941BA4-627E-452D-8C09-32645CBA1CC3}.Debug|x64.ActiveCfg = Debug|iPhone
		{02941BA4-627E-452D-8C09-32645CBA1CC3}.Debug|x86.ActiveCfg = Debug|iPhone
		{02941BA4-627E-452D-8C09-32645CBA1CC3}.Release|Any CPU.ActiveCfg = Release|iPhone
		{02941BA4-627E-452D-8C09-32645CBA1CC3}.Release|ARM.ActiveCfg = Release|iPhone
		{02941BA4-627E-452D-8C09-32645CBA1CC3}.Release|iPhone.ActiveCfg = Release|iPhoneSimulator
		{02941BA4-627E-452D-8C09-32645CBA1CC3}.Release|iPhone.Build.0 = Release|iPhoneSimulator
		{02941BA4-627E-452D-8C09-32645CBA1CC3}.Release|iPhoneSimulator.ActiveCfg = Release|iPhoneSimulator
		{02941BA4-627E-452D-8C09-32645CBA1CC3}.Release|iPhoneSimulator.Build.0 = Release|iPhoneSimulator
		{02941BA4-627E-452D-8C09-32645CBA1CC3}.Release|x64.ActiveCfg = Release|iPhone
		{02941BA4-627E-452D-8C09-32645CBA1CC3}.Release|x86.ActiveCfg = Release|iPhone
		{8F327558-1D50-45BF-B3A9-E81D098237F7}.Debug|Any CPU.ActiveCfg = Debug|Any CPU
		{8F327558-1D50-45BF-B3A9-E81D098237F7}.Debug|Any CPU.Build.0 = Debug|Any CPU
		{8F327558-1D50-45BF-B3A9-E81D098237F7}.Debug|ARM.ActiveCfg = Debug|Any CPU
		{8F327558-1D50-45BF-B3A9-E81D098237F7}.Debug|ARM.Build.0 = Debug|Any CPU
		{8F327558-1D50-45BF-B3A9-E81D098237F7}.Debug|iPhone.ActiveCfg = Debug|Any CPU
		{8F327558-1D50-45BF-B3A9-E81D098237F7}.Debug|iPhone.Build.0 = Debug|Any CPU
		{8F327558-1D50-45BF-B3A9-E81D098237F7}.Debug|iPhoneSimulator.ActiveCfg = Debug|Any CPU
		{8F327558-1D50-45BF-B3A9-E81D098237F7}.Debug|iPhoneSimulator.Build.0 = Debug|Any CPU
		{8F327558-1D50-45BF-B3A9-E81D098237F7}.Debug|x64.ActiveCfg = Debug|Any CPU
		{8F327558-1D50-45BF-B3A9-E81D098237F7}.Debug|x64.Build.0 = Debug|Any CPU
		{8F327558-1D50-45BF-B3A9-E81D098237F7}.Debug|x86.ActiveCfg = Debug|Any CPU
		{8F327558-1D50-45BF-B3A9-E81D098237F7}.Debug|x86.Build.0 = Debug|Any CPU
		{8F327558-1D50-45BF-B3A9-E81D098237F7}.Release|Any CPU.ActiveCfg = Release|Any CPU
		{8F327558-1D50-45BF-B3A9-E81D098237F7}.Release|Any CPU.Build.0 = Release|Any CPU
		{8F327558-1D50-45BF-B3A9-E81D098237F7}.Release|ARM.ActiveCfg = Release|Any CPU
		{8F327558-1D50-45BF-B3A9-E81D098237F7}.Release|ARM.Build.0 = Release|Any CPU
		{8F327558-1D50-45BF-B3A9-E81D098237F7}.Release|iPhone.ActiveCfg = Release|Any CPU
		{8F327558-1D50-45BF-B3A9-E81D098237F7}.Release|iPhone.Build.0 = Release|Any CPU
		{8F327558-1D50-45BF-B3A9-E81D098237F7}.Release|iPhoneSimulator.ActiveCfg = Release|Any CPU
		{8F327558-1D50-45BF-B3A9-E81D098237F7}.Release|iPhoneSimulator.Build.0 = Release|Any CPU
		{8F327558-1D50-45BF-B3A9-E81D098237F7}.Release|x64.ActiveCfg = Release|Any CPU
		{8F327558-1D50-45BF-B3A9-E81D098237F7}.Release|x64.Build.0 = Release|Any CPU
		{8F327558-1D50-45BF-B3A9-E81D098237F7}.Release|x86.ActiveCfg = Release|Any CPU
		{8F327558-1D50-45BF-B3A9-E81D098237F7}.Release|x86.Build.0 = Release|Any CPU
	EndGlobalSection
	GlobalSection(SolutionProperties) = preSolution
		HideSolutionNode = FALSE
	EndGlobalSection
	GlobalSection(ExtensibilityGlobals) = postSolution
		SolutionGuid = {1D9D554C-6467-4249-B163-2DD5BAA1B485}
	EndGlobalSection
EndGlobal
