
Microsoft Visual Studio Solution File, Format Version 12.00
# Visual Studio Version 16
VisualStudioVersion = 16.0.29020.237
MinimumVisualStudioVersion = 10.0.40219.1
Project("{2150E333-8FDC-42A3-9474-1A3956D46DE8}") = "Solution Items", "Solution Items", "{FDDB5E9B-1DF2-4674-877A-49D643364E17}"
	ProjectSection(SolutionItems) = preProject
		LICENSE = LICENSE
		logo.png = logo.png
		README.md = README.md
	EndProjectSection
EndProject
Project("{FAE04EC0-301F-11D3-BF4B-00C04F79EFBC}") = "Localizer", "src\Localizer\Localizer.csproj", "{2A8E5425-5675-4A83-938A-77D60D6D8142}"
EndProject
Project("{FAE04EC0-301F-11D3-BF4B-00C04F79EFBC}") = "Localizer.Generator", "src\Localizer.Generator\Localizer.Generator.csproj", "{5FEADA46-A805-42F4-B29A-396DE43D911A}"
EndProject
Project("{FAE04EC0-301F-11D3-BF4B-00C04F79EFBC}") = "Localizer.VisualStudio", "src\Localizer.VisualStudio\Localizer.VisualStudio.csproj", "{F2C0DC76-8B6C-47DC-9AE4-8EB52CB88ACF}"
EndProject
Project("{FAE04EC0-301F-11D3-BF4B-00C04F79EFBC}") = "Localizer.Tests", "tests\Localizer.Tests\Localizer.Tests.csproj", "{FE3F9B85-733F-4E7C-A33D-CBD73EA79E3C}"
EndProject
Project("{FAE04EC0-301F-11D3-BF4B-00C04F79EFBC}") = "Localizer.Generator.Tests", "tests\Localizer.Generator.Tests\Localizer.Generator.Tests.csproj", "{D7DC6F3D-41CB-4290-830C-30D5C1FB063F}"
EndProject
Project("{FAE04EC0-301F-11D3-BF4B-00C04F79EFBC}") = "Localizer.WPF", "src\Localizer.WPF\Localizer.WPF.csproj", "{E8DE1891-4376-4957-B4A3-FD5B94304EAA}"
EndProject
Global
	GlobalSection(SolutionConfigurationPlatforms) = preSolution
		Debug|Any CPU = Debug|Any CPU
		Release|Any CPU = Release|Any CPU
	EndGlobalSection
	GlobalSection(ProjectConfigurationPlatforms) = postSolution
		{2A8E5425-5675-4A83-938A-77D60D6D8142}.Debug|Any CPU.ActiveCfg = Debug|Any CPU
		{2A8E5425-5675-4A83-938A-77D60D6D8142}.Debug|Any CPU.Build.0 = Debug|Any CPU
		{2A8E5425-5675-4A83-938A-77D60D6D8142}.Release|Any CPU.ActiveCfg = Release|Any CPU
		{2A8E5425-5675-4A83-938A-77D60D6D8142}.Release|Any CPU.Build.0 = Release|Any CPU
		{5FEADA46-A805-42F4-B29A-396DE43D911A}.Debug|Any CPU.ActiveCfg = Debug|Any CPU
		{5FEADA46-A805-42F4-B29A-396DE43D911A}.Debug|Any CPU.Build.0 = Debug|Any CPU
		{5FEADA46-A805-42F4-B29A-396DE43D911A}.Release|Any CPU.ActiveCfg = Release|Any CPU
		{5FEADA46-A805-42F4-B29A-396DE43D911A}.Release|Any CPU.Build.0 = Release|Any CPU
		{F2C0DC76-8B6C-47DC-9AE4-8EB52CB88ACF}.Debug|Any CPU.ActiveCfg = Debug|Any CPU
		{F2C0DC76-8B6C-47DC-9AE4-8EB52CB88ACF}.Debug|Any CPU.Build.0 = Debug|Any CPU
		{F2C0DC76-8B6C-47DC-9AE4-8EB52CB88ACF}.Release|Any CPU.ActiveCfg = Release|Any CPU
		{F2C0DC76-8B6C-47DC-9AE4-8EB52CB88ACF}.Release|Any CPU.Build.0 = Release|Any CPU
		{FE3F9B85-733F-4E7C-A33D-CBD73EA79E3C}.Debug|Any CPU.ActiveCfg = Debug|Any CPU
		{FE3F9B85-733F-4E7C-A33D-CBD73EA79E3C}.Debug|Any CPU.Build.0 = Debug|Any CPU
		{FE3F9B85-733F-4E7C-A33D-CBD73EA79E3C}.Release|Any CPU.ActiveCfg = Release|Any CPU
		{FE3F9B85-733F-4E7C-A33D-CBD73EA79E3C}.Release|Any CPU.Build.0 = Release|Any CPU
		{D7DC6F3D-41CB-4290-830C-30D5C1FB063F}.Debug|Any CPU.ActiveCfg = Debug|Any CPU
		{D7DC6F3D-41CB-4290-830C-30D5C1FB063F}.Debug|Any CPU.Build.0 = Debug|Any CPU
		{D7DC6F3D-41CB-4290-830C-30D5C1FB063F}.Release|Any CPU.ActiveCfg = Release|Any CPU
		{D7DC6F3D-41CB-4290-830C-30D5C1FB063F}.Release|Any CPU.Build.0 = Release|Any CPU
		{E8DE1891-4376-4957-B4A3-FD5B94304EAA}.Debug|Any CPU.ActiveCfg = Debug|Any CPU
		{E8DE1891-4376-4957-B4A3-FD5B94304EAA}.Debug|Any CPU.Build.0 = Debug|Any CPU
		{E8DE1891-4376-4957-B4A3-FD5B94304EAA}.Release|Any CPU.ActiveCfg = Release|Any CPU
		{E8DE1891-4376-4957-B4A3-FD5B94304EAA}.Release|Any CPU.Build.0 = Release|Any CPU
	EndGlobalSection
	GlobalSection(SolutionProperties) = preSolution
		HideSolutionNode = FALSE
	EndGlobalSection
	GlobalSection(ExtensibilityGlobals) = postSolution
		SolutionGuid = {1D9D554C-6467-4249-B163-2DD5BAA1B485}
	EndGlobalSection
EndGlobal
